
Microsoft Visual Studio Solution File, Format Version 12.00
# Visual Studio Version 17
VisualStudioVersion = 17.11.35327.3
MinimumVisualStudioVersion = 10.0.40219.1
Project("{9A19103F-16F7-4668-BE54-9A1E7A4F7556}") = "TesteAmbev", "TesteAmbev\TesteAmbev.csproj", "{62BC9FFD-1999-40A8-B468-ABD993087A9B}"
EndProject
Project("{2150E333-8FDC-42A3-9474-1A3956D46DE8}") = "src", "src", "{120E0EAE-2A43-4370-AF16-699DBE8E5938}"
EndProject
Project("{2150E333-8FDC-42A3-9474-1A3956D46DE8}") = "1. Apps", "1. Apps", "{9733631B-0E52-4725-97BF-065F4717A03F}"
EndProject
Project("{2150E333-8FDC-42A3-9474-1A3956D46DE8}") = "2. Application", "2. Application", "{AB0193FA-88AD-4522-8277-2044199F04F3}"
EndProject
Project("{2150E333-8FDC-42A3-9474-1A3956D46DE8}") = "3. Domain", "3. Domain", "{2AE284F5-D795-461B-9241-1F39AE4E0F70}"
EndProject
Project("{2150E333-8FDC-42A3-9474-1A3956D46DE8}") = "4. Infrastructure", "4. Infrastructure", "{9DC52F79-F55C-40D4-B12D-CDE80AE875CD}"
EndProject
Project("{FAE04EC0-301F-11D3-BF4B-00C04F79EFBC}") = "123Vendas.Application", "123Vendas.Application\123Vendas.Application.csproj", "{F7AF7180-5246-4B93-BD86-6C4F38A54B72}"
EndProject
Project("{FAE04EC0-301F-11D3-BF4B-00C04F79EFBC}") = "123Vendas.Application.DTO", "123Vendas.Application.DTO\123Vendas.Application.DTO.csproj", "{B993B48B-1A7E-4169-A634-987491DCFF3A}"
EndProject
Project("{FAE04EC0-301F-11D3-BF4B-00C04F79EFBC}") = "123Vendas.Domain", "123Vendas.Vendas.Domain\123Vendas.Domain.csproj", "{72158E89-C2D1-4921-92BB-B937CB026190}"
EndProject
Project("{FAE04EC0-301F-11D3-BF4B-00C04F79EFBC}") = "123Vendas.Infra.Data", "123Vendas.Infra.Data\123Vendas.Infra.Data.csproj", "{B07165B1-A927-4E7C-947C-6AAA032580DE}"
EndProject
Global
	GlobalSection(SolutionConfigurationPlatforms) = preSolution
		Debug|Any CPU = Debug|Any CPU
		Release|Any CPU = Release|Any CPU
	EndGlobalSection
	GlobalSection(ProjectConfigurationPlatforms) = postSolution
		{62BC9FFD-1999-40A8-B468-ABD993087A9B}.Debug|Any CPU.ActiveCfg = Debug|Any CPU
		{62BC9FFD-1999-40A8-B468-ABD993087A9B}.Debug|Any CPU.Build.0 = Debug|Any CPU
		{62BC9FFD-1999-40A8-B468-ABD993087A9B}.Release|Any CPU.ActiveCfg = Release|Any CPU
		{62BC9FFD-1999-40A8-B468-ABD993087A9B}.Release|Any CPU.Build.0 = Release|Any CPU
		{F7AF7180-5246-4B93-BD86-6C4F38A54B72}.Debug|Any CPU.ActiveCfg = Debug|Any CPU
		{F7AF7180-5246-4B93-BD86-6C4F38A54B72}.Debug|Any CPU.Build.0 = Debug|Any CPU
		{F7AF7180-5246-4B93-BD86-6C4F38A54B72}.Release|Any CPU.ActiveCfg = Release|Any CPU
		{F7AF7180-5246-4B93-BD86-6C4F38A54B72}.Release|Any CPU.Build.0 = Release|Any CPU
		{B993B48B-1A7E-4169-A634-987491DCFF3A}.Debug|Any CPU.ActiveCfg = Debug|Any CPU
		{B993B48B-1A7E-4169-A634-987491DCFF3A}.Debug|Any CPU.Build.0 = Debug|Any CPU
		{B993B48B-1A7E-4169-A634-987491DCFF3A}.Release|Any CPU.ActiveCfg = Release|Any CPU
		{B993B48B-1A7E-4169-A634-987491DCFF3A}.Release|Any CPU.Build.0 = Release|Any CPU
		{72158E89-C2D1-4921-92BB-B937CB026190}.Debug|Any CPU.ActiveCfg = Debug|Any CPU
		{72158E89-C2D1-4921-92BB-B937CB026190}.Debug|Any CPU.Build.0 = Debug|Any CPU
		{72158E89-C2D1-4921-92BB-B937CB026190}.Release|Any CPU.ActiveCfg = Release|Any CPU
		{72158E89-C2D1-4921-92BB-B937CB026190}.Release|Any CPU.Build.0 = Release|Any CPU
		{B07165B1-A927-4E7C-947C-6AAA032580DE}.Debug|Any CPU.ActiveCfg = Debug|Any CPU
		{B07165B1-A927-4E7C-947C-6AAA032580DE}.Debug|Any CPU.Build.0 = Debug|Any CPU
		{B07165B1-A927-4E7C-947C-6AAA032580DE}.Release|Any CPU.ActiveCfg = Release|Any CPU
		{B07165B1-A927-4E7C-947C-6AAA032580DE}.Release|Any CPU.Build.0 = Release|Any CPU
	EndGlobalSection
	GlobalSection(SolutionProperties) = preSolution
		HideSolutionNode = FALSE
	EndGlobalSection
	GlobalSection(NestedProjects) = preSolution
		{62BC9FFD-1999-40A8-B468-ABD993087A9B} = {9733631B-0E52-4725-97BF-065F4717A03F}
		{9733631B-0E52-4725-97BF-065F4717A03F} = {120E0EAE-2A43-4370-AF16-699DBE8E5938}
		{AB0193FA-88AD-4522-8277-2044199F04F3} = {120E0EAE-2A43-4370-AF16-699DBE8E5938}
		{2AE284F5-D795-461B-9241-1F39AE4E0F70} = {120E0EAE-2A43-4370-AF16-699DBE8E5938}
		{9DC52F79-F55C-40D4-B12D-CDE80AE875CD} = {120E0EAE-2A43-4370-AF16-699DBE8E5938}
		{F7AF7180-5246-4B93-BD86-6C4F38A54B72} = {AB0193FA-88AD-4522-8277-2044199F04F3}
		{B993B48B-1A7E-4169-A634-987491DCFF3A} = {AB0193FA-88AD-4522-8277-2044199F04F3}
		{72158E89-C2D1-4921-92BB-B937CB026190} = {2AE284F5-D795-461B-9241-1F39AE4E0F70}
		{B07165B1-A927-4E7C-947C-6AAA032580DE} = {9DC52F79-F55C-40D4-B12D-CDE80AE875CD}
	EndGlobalSection
	GlobalSection(ExtensibilityGlobals) = postSolution
		SolutionGuid = {3C07366D-5D62-44BE-AFCD-EE90E7E17CEC}
	EndGlobalSection
EndGlobal
